// !$*UTF8*$!
{
	archiveVersion = 1;
	classes = {
	};
	objectVersion = 46;
	objects = {

/* Begin PBXBuildFile section */
		B0F470D7C7813B89CFA38C60 /* ReportDateType.m in Sources */ = {isa = PBXBuildFile; fileRef = B0F47BFF5C1E2D53EA587272 /* ReportDateType.m */; };
		B0F477AEC7C8B3CFA7338A70 /* ReportDateType.m in Sources */ = {isa = PBXBuildFile; fileRef = B0F47BFF5C1E2D53EA587272 /* ReportDateType.m */; };
		D407937615A800CB0018FBBA /* Autoindigestion.1 in Sources */ = {isa = PBXBuildFile; fileRef = D407937415A800AA0018FBBA /* Autoindigestion.1 */; };
		D407937715A800CE0018FBBA /* Autoindigestion.5 in Sources */ = {isa = PBXBuildFile; fileRef = D407937515A800AA0018FBBA /* Autoindigestion.5 */; };
		D4197D6D174D5883009FAE8E /* NSData+ZipBrowser.m in Sources */ = {isa = PBXBuildFile; fileRef = D4197D6C174D5883009FAE8E /* NSData+ZipBrowser.m */; };
		D425F5FD165DEFB00035DF8D /* GroupTest.m in Sources */ = {isa = PBXBuildFile; fileRef = D425F5FC165DEFB00035DF8D /* GroupTest.m */; };
		D425F5FF165DF1670035DF8D /* Group.m in Sources */ = {isa = PBXBuildFile; fileRef = D4A7717A15A380E400CEC757 /* Group.m */; };
		D425F600165DF17A0035DF8D /* User.m in Sources */ = {isa = PBXBuildFile; fileRef = D4A7718715A380E400CEC757 /* User.m */; };
		D425F60316601D850035DF8D /* UserTest.m in Sources */ = {isa = PBXBuildFile; fileRef = D425F60216601D850035DF8D /* UserTest.m */; };
		D444DF71174B2CAB00F47BC2 /* ZipDocument.m in Sources */ = {isa = PBXBuildFile; fileRef = D444DF6D174B2CAB00F47BC2 /* ZipDocument.m */; };
		D444DF72174B2CAB00F47BC2 /* ZipEntry.m in Sources */ = {isa = PBXBuildFile; fileRef = D444DF6F174B2CAB00F47BC2 /* ZipEntry.m */; };
		D444DF85174C47D500F47BC2 /* libz.dylib in Frameworks */ = {isa = PBXBuildFile; fileRef = D444DF84174C47D500F47BC2 /* libz.dylib */; };
		D444DF88174C482A00F47BC2 /* Cocoa.framework in Frameworks */ = {isa = PBXBuildFile; fileRef = D444DF87174C482A00F47BC2 /* Cocoa.framework */; };
		D444DF89174C483A00F47BC2 /* Cocoa.framework in Frameworks */ = {isa = PBXBuildFile; fileRef = D444DF87174C482A00F47BC2 /* Cocoa.framework */; };
		D44F2C2917499D0E0005DD9E /* InstallerPlugins.framework in Frameworks */ = {isa = PBXBuildFile; fileRef = D44F2C2817499D0E0005DD9E /* InstallerPlugins.framework */; };
		D44F2C4C17499D4A0005DD9E /* DownloadAutoingestionPluginPane.m in Sources */ = {isa = PBXBuildFile; fileRef = D44F2C4317499D4A0005DD9E /* DownloadAutoingestionPluginPane.m */; };
		D44F2C4D17499D4A0005DD9E /* DownloadAutoingestionPlugin.xib in Resources */ = {isa = PBXBuildFile; fileRef = D44F2C4417499D4A0005DD9E /* DownloadAutoingestionPlugin.xib */; };
		D44F2C4E17499D4A0005DD9E /* InfoPlist.strings in Resources */ = {isa = PBXBuildFile; fileRef = D44F2C4617499D4A0005DD9E /* InfoPlist.strings */; };
		D44F2C4F17499D4A0005DD9E /* Localizable.strings in Resources */ = {isa = PBXBuildFile; fileRef = D44F2C4817499D4A0005DD9E /* Localizable.strings */; };
		D44F2C5C1749BBB80005DD9E /* AutoingestionTool.m in Sources */ = {isa = PBXBuildFile; fileRef = D44F2C5B1749BBB80005DD9E /* AutoingestionTool.m */; };
		D46A5014157436120092B175 /* Foundation.framework in Frameworks */ = {isa = PBXBuildFile; fileRef = D46A5013157436120092B175 /* Foundation.framework */; };
		D498BF5217C26D6F007B2B2C /* NSArray+Autoindigestion.m in Sources */ = {isa = PBXBuildFile; fileRef = D498BF5117C26D6F007B2B2C /* NSArray+Autoindigestion.m */; };
		D498BF5317C26D6F007B2B2C /* NSArray+Autoindigestion.m in Sources */ = {isa = PBXBuildFile; fileRef = D498BF5117C26D6F007B2B2C /* NSArray+Autoindigestion.m */; };
		D498BF5617C26DDE007B2B2C /* NSArray+AutoindigestionTest.m in Sources */ = {isa = PBXBuildFile; fileRef = D498BF5517C26DDE007B2B2C /* NSArray+AutoindigestionTest.m */; };
		D498BF5917C3BF6A007B2B2C /* ReportFilenamePattern.m in Sources */ = {isa = PBXBuildFile; fileRef = D498BF5817C3BF6A007B2B2C /* ReportFilenamePattern.m */; };
		D498BF5A17C3BF6A007B2B2C /* ReportFilenamePattern.m in Sources */ = {isa = PBXBuildFile; fileRef = D498BF5817C3BF6A007B2B2C /* ReportFilenamePattern.m */; };
		D498BF5D17C3BF88007B2B2C /* ReportFilenamePatternTest.m in Sources */ = {isa = PBXBuildFile; fileRef = D498BF5C17C3BF88007B2B2C /* ReportFilenamePatternTest.m */; };
		D498BF5E17C3C3D0007B2B2C /* ReportCategory.m in Sources */ = {isa = PBXBuildFile; fileRef = D4A7718015A380E400CEC757 /* ReportCategory.m */; };
		D498BF5F17C3C3DF007B2B2C /* AutoingestionJob.m in Sources */ = {isa = PBXBuildFile; fileRef = D4A7716915A380E400CEC757 /* AutoingestionJob.m */; };
		D499B7D217BDC11200665486 /* NSCalendar+AutoindigestionTest.m in Sources */ = {isa = PBXBuildFile; fileRef = D499B7D117BDC11200665486 /* NSCalendar+AutoindigestionTest.m */; };
		D499B7D317BFEC5000665486 /* NSCalendar+Autoindigestion.m in Sources */ = {isa = PBXBuildFile; fileRef = D4A7717015A380E400CEC757 /* NSCalendar+Autoindigestion.m */; };
		D4A7718C15A380E400CEC757 /* Autoingestion.m in Sources */ = {isa = PBXBuildFile; fileRef = D4A7716715A380E400CEC757 /* Autoingestion.m */; };
		D4A7718D15A380E400CEC757 /* AutoingestionJob.m in Sources */ = {isa = PBXBuildFile; fileRef = D4A7716915A380E400CEC757 /* AutoingestionJob.m */; };
		D4A7718E15A380E400CEC757 /* ConfigurationFile.m in Sources */ = {isa = PBXBuildFile; fileRef = D4A7716B15A380E400CEC757 /* ConfigurationFile.m */; };
		D4A7718F15A380E400CEC757 /* Defaults.m in Sources */ = {isa = PBXBuildFile; fileRef = D4A7716D15A380E400CEC757 /* Defaults.m */; };
		D4A7719015A380E400CEC757 /* NSCalendar+Autoindigestion.m in Sources */ = {isa = PBXBuildFile; fileRef = D4A7717015A380E400CEC757 /* NSCalendar+Autoindigestion.m */; };
		D4A7719115A380E400CEC757 /* NSDate+Autoindigestion.m in Sources */ = {isa = PBXBuildFile; fileRef = D4A7717215A380E400CEC757 /* NSDate+Autoindigestion.m */; };
		D4A7719215A380E400CEC757 /* NSError+Autoindigestion.m in Sources */ = {isa = PBXBuildFile; fileRef = D4A7717415A380E400CEC757 /* NSError+Autoindigestion.m */; };
		D4A7719315A380E400CEC757 /* NSObject+Autoindigestion.m in Sources */ = {isa = PBXBuildFile; fileRef = D4A7717615A380E400CEC757 /* NSObject+Autoindigestion.m */; };
		D4A7719415A380E400CEC757 /* NSString+Autoindigestion.m in Sources */ = {isa = PBXBuildFile; fileRef = D4A7717815A380E400CEC757 /* NSString+Autoindigestion.m */; };
		D4A7719515A380E400CEC757 /* Group.m in Sources */ = {isa = PBXBuildFile; fileRef = D4A7717A15A380E400CEC757 /* Group.m */; };
		D4A7719615A380E400CEC757 /* main.m in Sources */ = {isa = PBXBuildFile; fileRef = D4A7717B15A380E400CEC757 /* main.m */; };
		D4A7719715A380E400CEC757 /* Options.m in Sources */ = {isa = PBXBuildFile; fileRef = D4A7717E15A380E400CEC757 /* Options.m */; };
		D4A7719815A380E400CEC757 /* ReportCategory.m in Sources */ = {isa = PBXBuildFile; fileRef = D4A7718015A380E400CEC757 /* ReportCategory.m */; };
		D4A7719915A380E400CEC757 /* StandardMonitor.m in Sources */ = {isa = PBXBuildFile; fileRef = D4A7718315A380E400CEC757 /* StandardMonitor.m */; };
		D4A7719A15A380E400CEC757 /* Tool.m in Sources */ = {isa = PBXBuildFile; fileRef = D4A7718515A380E400CEC757 /* Tool.m */; };
		D4A7719B15A380E400CEC757 /* User.m in Sources */ = {isa = PBXBuildFile; fileRef = D4A7718715A380E400CEC757 /* User.m */; };
		D4A7719C15A380E400CEC757 /* Vendor.m in Sources */ = {isa = PBXBuildFile; fileRef = D4A7718915A380E400CEC757 /* Vendor.m */; };
		D4A7719D15A380E400CEC757 /* VendorFile.m in Sources */ = {isa = PBXBuildFile; fileRef = D4A7718B15A380E400CEC757 /* VendorFile.m */; };
		D4BDA39B17F3D06700D8FF29 /* ReportCategoryTest.m in Sources */ = {isa = PBXBuildFile; fileRef = D4BDA39A17F3D06700D8FF29 /* ReportCategoryTest.m */; };
		D4BDA3A317F5221000D8FF29 /* NSDate+Autoindigestion.m in Sources */ = {isa = PBXBuildFile; fileRef = D4A7717215A380E400CEC757 /* NSDate+Autoindigestion.m */; };
		D4BDA3A517F5227E00D8FF29 /* ReportDateTypeTest.m in Sources */ = {isa = PBXBuildFile; fileRef = D4BDA3A417F5227E00D8FF29 /* ReportDateTypeTest.m */; };
		D4EDA1D315DB1D950084B460 /* SenTestingKit.framework in Frameworks */ = {isa = PBXBuildFile; fileRef = D464C51515894E48000F0173 /* SenTestingKit.framework */; };
		D4EDA1DD15DB1D950084B460 /* AutoingestionResponseTest.m in Sources */ = {isa = PBXBuildFile; fileRef = D4EDA1DC15DB1D950084B460 /* AutoingestionResponseTest.m */; };
		D4EDA1E515DB1FD00084B460 /* AutoingestionResponse.m in Sources */ = {isa = PBXBuildFile; fileRef = D4EDA1E415DB1FD00084B460 /* AutoingestionResponse.m */; };
		D4EDA1E615DB1FD00084B460 /* AutoingestionResponse.m in Sources */ = {isa = PBXBuildFile; fileRef = D4EDA1E415DB1FD00084B460 /* AutoingestionResponse.m */; };
		D4EDA1E715DB26ED0084B460 /* NSString+Autoindigestion.m in Sources */ = {isa = PBXBuildFile; fileRef = D4A7717815A380E400CEC757 /* NSString+Autoindigestion.m */; };
/* End PBXBuildFile section */

/* Begin PBXBuildRule section */
		D407937315A7FFC90018FBBA /* PBXBuildRule */ = {
			isa = PBXBuildRule;
			compilerSpec = com.apple.compilers.proxy.script;
			filePatterns = "*.[1-8]";
			fileType = pattern.proxy;
			isEditable = 1;
			outputFiles = (
				"${PROJECT_DIR}/${INPUT_FILE_NAME}.txt",
			);
			script = "man \"${INPUT_FILE_PATH}\" | col -b > \"${INPUT_FILE_PATH}.txt\"\n";
		};
/* End PBXBuildRule section */

/* Begin PBXContainerItemProxy section */
		D44F2C5117499D650005DD9E /* PBXContainerItemProxy */ = {
			isa = PBXContainerItemProxy;
			containerPortal = D46A5006157436120092B175 /* Project object */;
			proxyType = 1;
			remoteGlobalIDString = D44F2C2517499D0E0005DD9E;
			remoteInfo = DownloadAutoingestionPlugin;
		};
		D454923F1744A23B00F48F19 /* PBXContainerItemProxy */ = {
			isa = PBXContainerItemProxy;
			containerPortal = D46A5006157436120092B175 /* Project object */;
			proxyType = 1;
			remoteGlobalIDString = D46A500E157436120092B175;
			remoteInfo = Autoindigestion;
		};
		D45492411744A23B00F48F19 /* PBXContainerItemProxy */ = {
			isa = PBXContainerItemProxy;
			containerPortal = D46A5006157436120092B175 /* Project object */;
			proxyType = 1;
			remoteGlobalIDString = D4EDA1D115DB1D950084B460;
			remoteInfo = UnitTests;
		};
/* End PBXContainerItemProxy section */

/* Begin PBXCopyFilesBuildPhase section */
		D46A500D157436120092B175 /* CopyFiles */ = {
			isa = PBXCopyFilesBuildPhase;
			buildActionMask = 2147483647;
			dstPath = /usr/share/man/man1/;
			dstSubfolderSpec = 0;
			files = (
			);
			runOnlyForDeploymentPostprocessing = 1;
		};
/* End PBXCopyFilesBuildPhase section */

/* Begin PBXFileReference section */
		B0F4757BF320B8C268DC8480 /* ReportDateType.h */ = {isa = PBXFileReference; fileEncoding = 4; lastKnownFileType = sourcecode.c.h; path = ReportDateType.h; sourceTree = "<group>"; };
		B0F47BFF5C1E2D53EA587272 /* ReportDateType.m */ = {isa = PBXFileReference; fileEncoding = 4; lastKnownFileType = sourcecode.c.objc; path = ReportDateType.m; sourceTree = "<group>"; };
		D407936915A7F9350018FBBA /* LICENSE */ = {isa = PBXFileReference; fileEncoding = 4; lastKnownFileType = text; path = LICENSE; sourceTree = "<group>"; };
		D407936A15A7F9350018FBBA /* README.md */ = {isa = PBXFileReference; fileEncoding = 4; lastKnownFileType = text; path = README.md; sourceTree = "<group>"; };
		D407937415A800AA0018FBBA /* Autoindigestion.1 */ = {isa = PBXFileReference; fileEncoding = 4; lastKnownFileType = text.man; path = Autoindigestion.1; sourceTree = "<group>"; };
		D407937515A800AA0018FBBA /* Autoindigestion.5 */ = {isa = PBXFileReference; fileEncoding = 4; lastKnownFileType = text; path = Autoindigestion.5; sourceTree = "<group>"; };
		D407937A15A82B2B0018FBBA /* Autoindigestion.1.txt */ = {isa = PBXFileReference; fileEncoding = 4; lastKnownFileType = text; path = Autoindigestion.1.txt; sourceTree = "<group>"; };
		D407937B15A82B2B0018FBBA /* Autoindigestion.5.txt */ = {isa = PBXFileReference; fileEncoding = 4; lastKnownFileType = text; path = Autoindigestion.5.txt; sourceTree = "<group>"; };
		D4197D6E174DEC4D009FAE8E /* Object Relationship Diagram.txt */ = {isa = PBXFileReference; fileEncoding = 4; lastKnownFileType = text; path = "Object Relationship Diagram.txt"; sourceTree = "<group>"; };
		D41D101A15A799A400E3C972 /* Sample Vendor.plist */ = {isa = PBXFileReference; lastKnownFileType = text.plist; path = "Sample Vendor.plist"; sourceTree = "<group>"; };
		D4197D6B174D5883009FAE8E /* NSData+ZipBrowser.h */ = {isa = PBXFileReference; fileEncoding = 4; lastKnownFileType = sourcecode.c.h; path = "NSData+ZipBrowser.h"; sourceTree = "<group>"; };
		D4197D6C174D5883009FAE8E /* NSData+ZipBrowser.m */ = {isa = PBXFileReference; fileEncoding = 4; lastKnownFileType = sourcecode.c.objc; path = "NSData+ZipBrowser.m"; sourceTree = "<group>"; };
		D425F5FC165DEFB00035DF8D /* GroupTest.m */ = {isa = PBXFileReference; fileEncoding = 4; lastKnownFileType = sourcecode.c.objc; path = GroupTest.m; sourceTree = "<group>"; };
		D425F60216601D850035DF8D /* UserTest.m */ = {isa = PBXFileReference; fileEncoding = 4; lastKnownFileType = sourcecode.c.objc; path = UserTest.m; sourceTree = "<group>"; };
		D444DF6C174B2CAB00F47BC2 /* ZipDocument.h */ = {isa = PBXFileReference; fileEncoding = 4; indentWidth = 4; lastKnownFileType = sourcecode.c.h; path = ZipDocument.h; sourceTree = "<group>"; tabWidth = 4; };
		D444DF6D174B2CAB00F47BC2 /* ZipDocument.m */ = {isa = PBXFileReference; fileEncoding = 4; indentWidth = 4; lastKnownFileType = sourcecode.c.objc; path = ZipDocument.m; sourceTree = "<group>"; tabWidth = 4; };
		D444DF6E174B2CAB00F47BC2 /* ZipEntry.h */ = {isa = PBXFileReference; fileEncoding = 4; indentWidth = 4; lastKnownFileType = sourcecode.c.h; path = ZipEntry.h; sourceTree = "<group>"; tabWidth = 4; };
		D444DF6F174B2CAB00F47BC2 /* ZipEntry.m */ = {isa = PBXFileReference; fileEncoding = 4; indentWidth = 4; lastKnownFileType = sourcecode.c.objc; path = ZipEntry.m; sourceTree = "<group>"; tabWidth = 4; };
		D444DF84174C47D500F47BC2 /* libz.dylib */ = {isa = PBXFileReference; lastKnownFileType = "compiled.mach-o.dylib"; name = libz.dylib; path = usr/lib/libz.dylib; sourceTree = SDKROOT; };
		D444DF87174C482A00F47BC2 /* Cocoa.framework */ = {isa = PBXFileReference; lastKnownFileType = wrapper.framework; name = Cocoa.framework; path = System/Library/Frameworks/Cocoa.framework; sourceTree = SDKROOT; };
		D44F2C1F174971F20005DD9E /* ExampleVendor.plist */ = {isa = PBXFileReference; fileEncoding = 4; lastKnownFileType = text.plist.xml; path = ExampleVendor.plist; sourceTree = "<group>"; };
		D44F2C2617499D0E0005DD9E /* DownloadAutoingestionPlugin.bundle */ = {isa = PBXFileReference; explicitFileType = wrapper.cfbundle; includeInIndex = 0; path = DownloadAutoingestionPlugin.bundle; sourceTree = BUILT_PRODUCTS_DIR; };
		D44F2C2817499D0E0005DD9E /* InstallerPlugins.framework */ = {isa = PBXFileReference; lastKnownFileType = wrapper.framework; name = InstallerPlugins.framework; path = System/Library/Frameworks/InstallerPlugins.framework; sourceTree = SDKROOT; };
		D44F2C4217499D4A0005DD9E /* DownloadAutoingestionPluginPane.h */ = {isa = PBXFileReference; fileEncoding = 4; lastKnownFileType = sourcecode.c.h; path = DownloadAutoingestionPluginPane.h; sourceTree = "<group>"; };
		D44F2C4317499D4A0005DD9E /* DownloadAutoingestionPluginPane.m */ = {isa = PBXFileReference; fileEncoding = 4; lastKnownFileType = sourcecode.c.objc; path = DownloadAutoingestionPluginPane.m; sourceTree = "<group>"; };
		D44F2C4517499D4A0005DD9E /* en */ = {isa = PBXFileReference; lastKnownFileType = file.xib; name = en; path = en.lproj/DownloadAutoingestionPlugin.xib; sourceTree = "<group>"; };
		D44F2C4717499D4A0005DD9E /* en */ = {isa = PBXFileReference; lastKnownFileType = text.plist.strings; name = en; path = en.lproj/InfoPlist.strings; sourceTree = "<group>"; };
		D44F2C4917499D4A0005DD9E /* en */ = {isa = PBXFileReference; lastKnownFileType = text.plist.strings; name = en; path = en.lproj/Localizable.strings; sourceTree = "<group>"; };
		D44F2C5317499DAC0005DD9E /* Info.plist */ = {isa = PBXFileReference; fileEncoding = 4; lastKnownFileType = text.plist.xml; path = Info.plist; sourceTree = "<group>"; };
		D44F2C5417499DAC0005DD9E /* Prefix.pch */ = {isa = PBXFileReference; fileEncoding = 4; lastKnownFileType = sourcecode.c.h; path = Prefix.pch; sourceTree = "<group>"; };
		D44F2C5617499F270005DD9E /* InstallerSections.plist */ = {isa = PBXFileReference; fileEncoding = 4; lastKnownFileType = text.plist.xml; path = InstallerSections.plist; sourceTree = "<group>"; };
		D44F2C5A1749BBB80005DD9E /* AutoingestionTool.h */ = {isa = PBXFileReference; fileEncoding = 4; lastKnownFileType = sourcecode.c.h; path = AutoingestionTool.h; sourceTree = "<group>"; };
		D44F2C5B1749BBB80005DD9E /* AutoingestionTool.m */ = {isa = PBXFileReference; fileEncoding = 4; lastKnownFileType = sourcecode.c.objc; path = AutoingestionTool.m; sourceTree = "<group>"; };
		D44F2C5D1749BE220005DD9E /* AutoingestionToolDelegate.h */ = {isa = PBXFileReference; lastKnownFileType = sourcecode.c.h; path = AutoingestionToolDelegate.h; sourceTree = "<group>"; };
		D45492441744A24800F48F19 /* Installer.mk */ = {isa = PBXFileReference; explicitFileType = sourcecode.make; fileEncoding = 4; indentWidth = 4; path = Installer.mk; sourceTree = "<group>"; tabWidth = 4; usesTabs = 1; };
		D45492551744AAD300F48F19 /* LaunchDaemon.plist */ = {isa = PBXFileReference; fileEncoding = 4; lastKnownFileType = text.plist.xml; path = LaunchDaemon.plist; sourceTree = "<group>"; };
		D45492561744AB0A00F48F19 /* Object Relationship Diagram.txt */ = {isa = PBXFileReference; fileEncoding = 4; lastKnownFileType = text; path = "Object Relationship Diagram.txt"; sourceTree = "<group>"; };
		D464C51515894E48000F0173 /* SenTestingKit.framework */ = {isa = PBXFileReference; lastKnownFileType = wrapper.framework; name = SenTestingKit.framework; path = Library/Frameworks/SenTestingKit.framework; sourceTree = DEVELOPER_DIR; };
		D46A500F157436120092B175 /* Autoindigestion */ = {isa = PBXFileReference; explicitFileType = "compiled.mach-o.executable"; includeInIndex = 0; path = Autoindigestion; sourceTree = BUILT_PRODUCTS_DIR; };
		D46A5013157436120092B175 /* Foundation.framework */ = {isa = PBXFileReference; lastKnownFileType = wrapper.framework; name = Foundation.framework; path = System/Library/Frameworks/Foundation.framework; sourceTree = SDKROOT; };
		D48AE5041748121B00257888 /* Distribution.xml */ = {isa = PBXFileReference; fileEncoding = 4; lastKnownFileType = text.xml; path = Distribution.xml; sourceTree = "<group>"; };
		D48AE5071748161B00257888 /* welcome.html */ = {isa = PBXFileReference; fileEncoding = 4; lastKnownFileType = text.html; path = welcome.html; sourceTree = "<group>"; };
		D48AE5091748162400257888 /* postinstall */ = {isa = PBXFileReference; fileEncoding = 4; lastKnownFileType = text.script.sh; path = postinstall; sourceTree = "<group>"; };
		D48AE50A1748162400257888 /* preinstall */ = {isa = PBXFileReference; fileEncoding = 4; lastKnownFileType = text.script.sh; path = preinstall; sourceTree = "<group>"; };
		D48AE50B174816AB00257888 /* license.html */ = {isa = PBXFileReference; fileEncoding = 4; lastKnownFileType = text.html; path = license.html; sourceTree = "<group>"; };
		D48AE50D17481B7D00257888 /* Autoindigestion.pkg */ = {isa = PBXFileReference; lastKnownFileType = "wrapper.installer-pkg"; path = Autoindigestion.pkg; sourceTree = BUILT_PRODUCTS_DIR; };
		D498BF5017C26D6F007B2B2C /* NSArray+Autoindigestion.h */ = {isa = PBXFileReference; fileEncoding = 4; lastKnownFileType = sourcecode.c.h; path = "NSArray+Autoindigestion.h"; sourceTree = "<group>"; };
		D498BF5117C26D6F007B2B2C /* NSArray+Autoindigestion.m */ = {isa = PBXFileReference; fileEncoding = 4; lastKnownFileType = sourcecode.c.objc; path = "NSArray+Autoindigestion.m"; sourceTree = "<group>"; };
		D498BF5517C26DDE007B2B2C /* NSArray+AutoindigestionTest.m */ = {isa = PBXFileReference; fileEncoding = 4; lastKnownFileType = sourcecode.c.objc; path = "NSArray+AutoindigestionTest.m"; sourceTree = "<group>"; };
		D498BF5717C3BF6A007B2B2C /* ReportFilenamePattern.h */ = {isa = PBXFileReference; fileEncoding = 4; lastKnownFileType = sourcecode.c.h; path = ReportFilenamePattern.h; sourceTree = "<group>"; };
		D498BF5817C3BF6A007B2B2C /* ReportFilenamePattern.m */ = {isa = PBXFileReference; fileEncoding = 4; lastKnownFileType = sourcecode.c.objc; path = ReportFilenamePattern.m; sourceTree = "<group>"; };
		D498BF5C17C3BF88007B2B2C /* ReportFilenamePatternTest.m */ = {isa = PBXFileReference; fileEncoding = 4; lastKnownFileType = sourcecode.c.objc; path = ReportFilenamePatternTest.m; sourceTree = "<group>"; };
		D499B7D117BDC11200665486 /* NSCalendar+AutoindigestionTest.m */ = {isa = PBXFileReference; fileEncoding = 4; lastKnownFileType = sourcecode.c.objc; path = "NSCalendar+AutoindigestionTest.m"; sourceTree = "<group>"; };
		D49A07DB15CF742400F0F365 /* iTunes Connect- New File Names for Sales and Trends Reports.txt */ = {isa = PBXFileReference; fileEncoding = 4; lastKnownFileType = text; path = "iTunes Connect- New File Names for Sales and Trends Reports.txt"; sourceTree = "<group>"; };
		D4A7716315A380E400CEC757 /* Autoindigestion-Prefix.pch */ = {isa = PBXFileReference; fileEncoding = 4; lastKnownFileType = sourcecode.c.h; path = "Autoindigestion-Prefix.pch"; sourceTree = "<group>"; };
		D4A7716615A380E400CEC757 /* Autoingestion.h */ = {isa = PBXFileReference; fileEncoding = 4; lastKnownFileType = sourcecode.c.h; path = Autoingestion.h; sourceTree = "<group>"; };
		D4A7716715A380E400CEC757 /* Autoingestion.m */ = {isa = PBXFileReference; fileEncoding = 4; lastKnownFileType = sourcecode.c.objc; path = Autoingestion.m; sourceTree = "<group>"; };
		D4A7716815A380E400CEC757 /* AutoingestionJob.h */ = {isa = PBXFileReference; fileEncoding = 4; lastKnownFileType = sourcecode.c.h; path = AutoingestionJob.h; sourceTree = "<group>"; };
		D4A7716915A380E400CEC757 /* AutoingestionJob.m */ = {isa = PBXFileReference; fileEncoding = 4; lastKnownFileType = sourcecode.c.objc; path = AutoingestionJob.m; sourceTree = "<group>"; };
		D4A7716A15A380E400CEC757 /* ConfigurationFile.h */ = {isa = PBXFileReference; fileEncoding = 4; lastKnownFileType = sourcecode.c.h; path = ConfigurationFile.h; sourceTree = "<group>"; };
		D4A7716B15A380E400CEC757 /* ConfigurationFile.m */ = {isa = PBXFileReference; fileEncoding = 4; lastKnownFileType = sourcecode.c.objc; path = ConfigurationFile.m; sourceTree = "<group>"; };
		D4A7716C15A380E400CEC757 /* Defaults.h */ = {isa = PBXFileReference; fileEncoding = 4; lastKnownFileType = sourcecode.c.h; path = Defaults.h; sourceTree = "<group>"; };
		D4A7716D15A380E400CEC757 /* Defaults.m */ = {isa = PBXFileReference; fileEncoding = 4; lastKnownFileType = sourcecode.c.objc; path = Defaults.m; sourceTree = "<group>"; };
		D4A7716F15A380E400CEC757 /* NSCalendar+Autoindigestion.h */ = {isa = PBXFileReference; fileEncoding = 4; lastKnownFileType = sourcecode.c.h; path = "NSCalendar+Autoindigestion.h"; sourceTree = "<group>"; };
		D4A7717015A380E400CEC757 /* NSCalendar+Autoindigestion.m */ = {isa = PBXFileReference; fileEncoding = 4; lastKnownFileType = sourcecode.c.objc; path = "NSCalendar+Autoindigestion.m"; sourceTree = "<group>"; };
		D4A7717115A380E400CEC757 /* NSDate+Autoindigestion.h */ = {isa = PBXFileReference; fileEncoding = 4; lastKnownFileType = sourcecode.c.h; path = "NSDate+Autoindigestion.h"; sourceTree = "<group>"; };
		D4A7717215A380E400CEC757 /* NSDate+Autoindigestion.m */ = {isa = PBXFileReference; fileEncoding = 4; lastKnownFileType = sourcecode.c.objc; path = "NSDate+Autoindigestion.m"; sourceTree = "<group>"; };
		D4A7717315A380E400CEC757 /* NSError+Autoindigestion.h */ = {isa = PBXFileReference; fileEncoding = 4; lastKnownFileType = sourcecode.c.h; path = "NSError+Autoindigestion.h"; sourceTree = "<group>"; };
		D4A7717415A380E400CEC757 /* NSError+Autoindigestion.m */ = {isa = PBXFileReference; fileEncoding = 4; lastKnownFileType = sourcecode.c.objc; path = "NSError+Autoindigestion.m"; sourceTree = "<group>"; };
		D4A7717515A380E400CEC757 /* NSObject+Autoindigestion.h */ = {isa = PBXFileReference; fileEncoding = 4; lastKnownFileType = sourcecode.c.h; path = "NSObject+Autoindigestion.h"; sourceTree = "<group>"; };
		D4A7717615A380E400CEC757 /* NSObject+Autoindigestion.m */ = {isa = PBXFileReference; fileEncoding = 4; lastKnownFileType = sourcecode.c.objc; path = "NSObject+Autoindigestion.m"; sourceTree = "<group>"; };
		D4A7717715A380E400CEC757 /* NSString+Autoindigestion.h */ = {isa = PBXFileReference; fileEncoding = 4; lastKnownFileType = sourcecode.c.h; path = "NSString+Autoindigestion.h"; sourceTree = "<group>"; };
		D4A7717815A380E400CEC757 /* NSString+Autoindigestion.m */ = {isa = PBXFileReference; fileEncoding = 4; lastKnownFileType = sourcecode.c.objc; path = "NSString+Autoindigestion.m"; sourceTree = "<group>"; };
		D4A7717915A380E400CEC757 /* Group.h */ = {isa = PBXFileReference; fileEncoding = 4; lastKnownFileType = sourcecode.c.h; path = Group.h; sourceTree = "<group>"; };
		D4A7717A15A380E400CEC757 /* Group.m */ = {isa = PBXFileReference; fileEncoding = 4; lastKnownFileType = sourcecode.c.objc; path = Group.m; sourceTree = "<group>"; };
		D4A7717B15A380E400CEC757 /* main.m */ = {isa = PBXFileReference; fileEncoding = 4; lastKnownFileType = sourcecode.c.objc; path = main.m; sourceTree = "<group>"; };
		D4A7717C15A380E400CEC757 /* Monitor.h */ = {isa = PBXFileReference; fileEncoding = 4; lastKnownFileType = sourcecode.c.h; path = Monitor.h; sourceTree = "<group>"; };
		D4A7717D15A380E400CEC757 /* Options.h */ = {isa = PBXFileReference; fileEncoding = 4; lastKnownFileType = sourcecode.c.h; path = Options.h; sourceTree = "<group>"; };
		D4A7717E15A380E400CEC757 /* Options.m */ = {isa = PBXFileReference; fileEncoding = 4; lastKnownFileType = sourcecode.c.objc; path = Options.m; sourceTree = "<group>"; };
		D4A7717F15A380E400CEC757 /* ReportCategory.h */ = {isa = PBXFileReference; fileEncoding = 4; lastKnownFileType = sourcecode.c.h; path = ReportCategory.h; sourceTree = "<group>"; };
		D4A7718015A380E400CEC757 /* ReportCategory.m */ = {isa = PBXFileReference; fileEncoding = 4; lastKnownFileType = sourcecode.c.objc; path = ReportCategory.m; sourceTree = "<group>"; };
		D4A7718215A380E400CEC757 /* StandardMonitor.h */ = {isa = PBXFileReference; fileEncoding = 4; lastKnownFileType = sourcecode.c.h; path = StandardMonitor.h; sourceTree = "<group>"; };
		D4A7718315A380E400CEC757 /* StandardMonitor.m */ = {isa = PBXFileReference; fileEncoding = 4; lastKnownFileType = sourcecode.c.objc; path = StandardMonitor.m; sourceTree = "<group>"; };
		D4A7718415A380E400CEC757 /* Tool.h */ = {isa = PBXFileReference; fileEncoding = 4; lastKnownFileType = sourcecode.c.h; path = Tool.h; sourceTree = "<group>"; };
		D4A7718515A380E400CEC757 /* Tool.m */ = {isa = PBXFileReference; fileEncoding = 4; lastKnownFileType = sourcecode.c.objc; path = Tool.m; sourceTree = "<group>"; wrapsLines = 0; };
		D4A7718615A380E400CEC757 /* User.h */ = {isa = PBXFileReference; fileEncoding = 4; lastKnownFileType = sourcecode.c.h; path = User.h; sourceTree = "<group>"; };
		D4A7718715A380E400CEC757 /* User.m */ = {isa = PBXFileReference; fileEncoding = 4; lastKnownFileType = sourcecode.c.objc; path = User.m; sourceTree = "<group>"; };
		D4A7718815A380E400CEC757 /* Vendor.h */ = {isa = PBXFileReference; fileEncoding = 4; lastKnownFileType = sourcecode.c.h; path = Vendor.h; sourceTree = "<group>"; };
		D4A7718915A380E400CEC757 /* Vendor.m */ = {isa = PBXFileReference; fileEncoding = 4; lastKnownFileType = sourcecode.c.objc; path = Vendor.m; sourceTree = "<group>"; };
		D4A7718A15A380E400CEC757 /* VendorFile.h */ = {isa = PBXFileReference; fileEncoding = 4; lastKnownFileType = sourcecode.c.h; path = VendorFile.h; sourceTree = "<group>"; };
		D4A7718B15A380E400CEC757 /* VendorFile.m */ = {isa = PBXFileReference; fileEncoding = 4; lastKnownFileType = sourcecode.c.objc; path = VendorFile.m; sourceTree = "<group>"; };
		D4BDA39A17F3D06700D8FF29 /* ReportCategoryTest.m */ = {isa = PBXFileReference; fileEncoding = 4; lastKnownFileType = sourcecode.c.objc; path = ReportCategoryTest.m; sourceTree = "<group>"; };
		D4BDA3A417F5227E00D8FF29 /* ReportDateTypeTest.m */ = {isa = PBXFileReference; fileEncoding = 4; lastKnownFileType = sourcecode.c.objc; path = ReportDateTypeTest.m; sourceTree = "<group>"; };
		D4EDA1D215DB1D950084B460 /* UnitTests.octest */ = {isa = PBXFileReference; explicitFileType = wrapper.cfbundle; includeInIndex = 0; path = UnitTests.octest; sourceTree = BUILT_PRODUCTS_DIR; };
		D4EDA1D715DB1D950084B460 /* UnitTests-Info.plist */ = {isa = PBXFileReference; lastKnownFileType = text.plist.xml; path = "UnitTests-Info.plist"; sourceTree = "<group>"; };
		D4EDA1DC15DB1D950084B460 /* AutoingestionResponseTest.m */ = {isa = PBXFileReference; lastKnownFileType = sourcecode.c.objc; path = AutoingestionResponseTest.m; sourceTree = "<group>"; };
		D4EDA1DE15DB1D950084B460 /* UnitTests-Prefix.pch */ = {isa = PBXFileReference; lastKnownFileType = sourcecode.c.h; path = "UnitTests-Prefix.pch"; sourceTree = "<group>"; };
		D4EDA1E315DB1FD00084B460 /* AutoingestionResponse.h */ = {isa = PBXFileReference; fileEncoding = 4; lastKnownFileType = sourcecode.c.h; path = AutoingestionResponse.h; sourceTree = "<group>"; };
		D4EDA1E415DB1FD00084B460 /* AutoingestionResponse.m */ = {isa = PBXFileReference; fileEncoding = 4; lastKnownFileType = sourcecode.c.objc; path = AutoingestionResponse.m; sourceTree = "<group>"; };
/* End PBXFileReference section */

/* Begin PBXFrameworksBuildPhase section */
		D44F2C2317499D0E0005DD9E /* Frameworks */ = {
			isa = PBXFrameworksBuildPhase;
			buildActionMask = 2147483647;
			files = (
				D444DF85174C47D500F47BC2 /* libz.dylib in Frameworks */,
				D444DF88174C482A00F47BC2 /* Cocoa.framework in Frameworks */,
				D44F2C2917499D0E0005DD9E /* InstallerPlugins.framework in Frameworks */,
			);
			runOnlyForDeploymentPostprocessing = 0;
		};
		D46A500C157436120092B175 /* Frameworks */ = {
			isa = PBXFrameworksBuildPhase;
			buildActionMask = 2147483647;
			files = (
				D46A5014157436120092B175 /* Foundation.framework in Frameworks */,
			);
			runOnlyForDeploymentPostprocessing = 0;
		};
		D4EDA1CE15DB1D950084B460 /* Frameworks */ = {
			isa = PBXFrameworksBuildPhase;
			buildActionMask = 2147483647;
			files = (
				D444DF89174C483A00F47BC2 /* Cocoa.framework in Frameworks */,
				D4EDA1D315DB1D950084B460 /* SenTestingKit.framework in Frameworks */,
			);
			runOnlyForDeploymentPostprocessing = 0;
		};
/* End PBXFrameworksBuildPhase section */

/* Begin PBXGroup section */
		D444DF69174B2CAB00F47BC2 /* ZipBrowser */ = {
			isa = PBXGroup;
			children = (
				D4197D6B174D5883009FAE8E /* NSData+ZipBrowser.h */,
				D4197D6C174D5883009FAE8E /* NSData+ZipBrowser.m */,
				D444DF6C174B2CAB00F47BC2 /* ZipDocument.h */,
				D444DF6D174B2CAB00F47BC2 /* ZipDocument.m */,
				D444DF6E174B2CAB00F47BC2 /* ZipEntry.h */,
				D444DF6F174B2CAB00F47BC2 /* ZipEntry.m */,
			);
			path = ZipBrowser;
			sourceTree = "<group>";
		};
		D444DF86174C480300F47BC2 /* Libraries */ = {
			isa = PBXGroup;
			children = (
				D444DF84174C47D500F47BC2 /* libz.dylib */,
			);
			name = Libraries;
			path = Installer/DownloadAutoingestionPlugin;
			sourceTree = "<group>";
		};
		D44F2C3F17499D4A0005DD9E /* DownloadAutoingestionPlugin */ = {
			isa = PBXGroup;
			children = (
				D444DF69174B2CAB00F47BC2 /* ZipBrowser */,
				D44F2C5A1749BBB80005DD9E /* AutoingestionTool.h */,
				D44F2C5B1749BBB80005DD9E /* AutoingestionTool.m */,
				D44F2C5D1749BE220005DD9E /* AutoingestionToolDelegate.h */,
				D44F2C4217499D4A0005DD9E /* DownloadAutoingestionPluginPane.h */,
				D44F2C4317499D4A0005DD9E /* DownloadAutoingestionPluginPane.m */,
				D44F2C4417499D4A0005DD9E /* DownloadAutoingestionPlugin.xib */,
				D44F2C5317499DAC0005DD9E /* Info.plist */,
				D44F2C4617499D4A0005DD9E /* InfoPlist.strings */,
				D44F2C4817499D4A0005DD9E /* Localizable.strings */,
				D44F2C5417499DAC0005DD9E /* Prefix.pch */,
			);
			path = DownloadAutoingestionPlugin;
			sourceTree = "<group>";
		};
		D45492431744A24800F48F19 /* Installer */ = {
			isa = PBXGroup;
			children = (
				D44F2C3F17499D4A0005DD9E /* DownloadAutoingestionPlugin */,
				D48AE5051748161B00257888 /* Resources */,
				D48AE5081748162400257888 /* Scripts */,
				D48AE5041748121B00257888 /* Distribution.xml */,
				D44F2C5617499F270005DD9E /* InstallerSections.plist */,
				D45492441744A24800F48F19 /* Installer.mk */,
			);
			path = Installer;
			sourceTree = "<group>";
		};
		D46A5004157436120092B175 = {
			isa = PBXGroup;
			children = (
				D407936915A7F9350018FBBA /* LICENSE */,
				D407936A15A7F9350018FBBA /* README.md */,
				D4A7719E15A3816E00CEC757 /* Documentation */,
				D45492431744A24800F48F19 /* Installer */,
				D4A7716215A380E400CEC757 /* Source */,
				D4EDA1D515DB1D950084B460 /* UnitTests */,
				D46A5012157436120092B175 /* Frameworks */,
				D444DF86174C480300F47BC2 /* Libraries */,
				D46A5010157436120092B175 /* Products */,
				D48AE50D17481B7D00257888 /* Autoindigestion.pkg */,
			);
			sourceTree = "<group>";
			wrapsLines = 0;
		};
		D46A5010157436120092B175 /* Products */ = {
			isa = PBXGroup;
			children = (
				D46A500F157436120092B175 /* Autoindigestion */,
				D4EDA1D215DB1D950084B460 /* UnitTests.octest */,
				D44F2C2617499D0E0005DD9E /* DownloadAutoingestionPlugin.bundle */,
			);
			name = Products;
			sourceTree = "<group>";
		};
		D46A5012157436120092B175 /* Frameworks */ = {
			isa = PBXGroup;
			children = (
				D444DF87174C482A00F47BC2 /* Cocoa.framework */,
				D46A5013157436120092B175 /* Foundation.framework */,
				D44F2C2817499D0E0005DD9E /* InstallerPlugins.framework */,
				D464C51515894E48000F0173 /* SenTestingKit.framework */,
			);
			name = Frameworks;
			sourceTree = "<group>";
		};
		D48AE5051748161B00257888 /* Resources */ = {
			isa = PBXGroup;
			children = (
				D48AE50B174816AB00257888 /* license.html */,
				D48AE5071748161B00257888 /* welcome.html */,
			);
			path = Resources;
			sourceTree = "<group>";
		};
		D48AE5081748162400257888 /* Scripts */ = {
			isa = PBXGroup;
			children = (
				D48AE5091748162400257888 /* postinstall */,
				D48AE50A1748162400257888 /* preinstall */,
			);
			path = Scripts;
			sourceTree = "<group>";
		};
		D499B7CF17BDC0E400665486 /* Foundation */ = {
			isa = PBXGroup;
			children = (
				D498BF5517C26DDE007B2B2C /* NSArray+AutoindigestionTest.m */,
				D499B7D117BDC11200665486 /* NSCalendar+AutoindigestionTest.m */,
			);
			path = Foundation;
			sourceTree = "<group>";
		};
		D4A7716215A380E400CEC757 /* Source */ = {
			isa = PBXGroup;
			children = (
				D4A7716E15A380E400CEC757 /* Foundation */,
				D4A7716315A380E400CEC757 /* Autoindigestion-Prefix.pch */,
				D4A7716615A380E400CEC757 /* Autoingestion.h */,
				D4A7716715A380E400CEC757 /* Autoingestion.m */,
				D4A7716815A380E400CEC757 /* AutoingestionJob.h */,
				D4A7716915A380E400CEC757 /* AutoingestionJob.m */,
				D4EDA1E315DB1FD00084B460 /* AutoingestionResponse.h */,
				D4EDA1E415DB1FD00084B460 /* AutoingestionResponse.m */,
				D4A7716A15A380E400CEC757 /* ConfigurationFile.h */,
				D4A7716B15A380E400CEC757 /* ConfigurationFile.m */,
				D4A7716C15A380E400CEC757 /* Defaults.h */,
				D4A7716D15A380E400CEC757 /* Defaults.m */,
				D4A7717915A380E400CEC757 /* Group.h */,
				D4A7717A15A380E400CEC757 /* Group.m */,
				D4A7717B15A380E400CEC757 /* main.m */,
				D4A7717C15A380E400CEC757 /* Monitor.h */,
				D4A7717D15A380E400CEC757 /* Options.h */,
				D4A7717E15A380E400CEC757 /* Options.m */,
				D4A7717F15A380E400CEC757 /* ReportCategory.h */,
				D4A7718015A380E400CEC757 /* ReportCategory.m */,
				B0F4757BF320B8C268DC8480 /* ReportDateType.h */,
				B0F47BFF5C1E2D53EA587272 /* ReportDateType.m */,
				D498BF5717C3BF6A007B2B2C /* ReportFilenamePattern.h */,
				D498BF5817C3BF6A007B2B2C /* ReportFilenamePattern.m */,
				D4A7718215A380E400CEC757 /* StandardMonitor.h */,
				D4A7718315A380E400CEC757 /* StandardMonitor.m */,
				D4A7718415A380E400CEC757 /* Tool.h */,
				D4A7718515A380E400CEC757 /* Tool.m */,
				D4A7718615A380E400CEC757 /* User.h */,
				D4A7718715A380E400CEC757 /* User.m */,
				D4A7718815A380E400CEC757 /* Vendor.h */,
				D4A7718915A380E400CEC757 /* Vendor.m */,
				D4A7718A15A380E400CEC757 /* VendorFile.h */,
				D4A7718B15A380E400CEC757 /* VendorFile.m */,
			);
			path = Source;
			sourceTree = "<group>";
		};
		D4A7716E15A380E400CEC757 /* Foundation */ = {
			isa = PBXGroup;
			children = (
				D498BF5017C26D6F007B2B2C /* NSArray+Autoindigestion.h */,
				D498BF5117C26D6F007B2B2C /* NSArray+Autoindigestion.m */,
				D4A7716F15A380E400CEC757 /* NSCalendar+Autoindigestion.h */,
				D4A7717015A380E400CEC757 /* NSCalendar+Autoindigestion.m */,
				D4A7717115A380E400CEC757 /* NSDate+Autoindigestion.h */,
				D4A7717215A380E400CEC757 /* NSDate+Autoindigestion.m */,
				D4A7717315A380E400CEC757 /* NSError+Autoindigestion.h */,
				D4A7717415A380E400CEC757 /* NSError+Autoindigestion.m */,
				D4A7717515A380E400CEC757 /* NSObject+Autoindigestion.h */,
				D4A7717615A380E400CEC757 /* NSObject+Autoindigestion.m */,
				D4A7717715A380E400CEC757 /* NSString+Autoindigestion.h */,
				D4A7717815A380E400CEC757 /* NSString+Autoindigestion.m */,
			);
			path = Foundation;
			sourceTree = "<group>";
		};
		D4A7719E15A3816E00CEC757 /* Documentation */ = {
			isa = PBXGroup;
			children = (
				D407937415A800AA0018FBBA /* Autoindigestion.1 */,
				D407937A15A82B2B0018FBBA /* Autoindigestion.1.txt */,
				D407937515A800AA0018FBBA /* Autoindigestion.5 */,
				D407937B15A82B2B0018FBBA /* Autoindigestion.5.txt */,
				D44F2C1F174971F20005DD9E /* ExampleVendor.plist */,
				D49A07DB15CF742400F0F365 /* iTunes Connect- New File Names for Sales and Trends Reports.txt */,
				D45492551744AAD300F48F19 /* LaunchDaemon.plist */,
				D45492561744AB0A00F48F19 /* Object Relationship Diagram.txt */,
			);
			path = Documentation;
			sourceTree = "<group>";
		};
		D4EDA1D515DB1D950084B460 /* UnitTests */ = {
			isa = PBXGroup;
			children = (
				D499B7CF17BDC0E400665486 /* Foundation */,
				D4EDA1DC15DB1D950084B460 /* AutoingestionResponseTest.m */,
				D425F5FC165DEFB00035DF8D /* GroupTest.m */,
				D4BDA39A17F3D06700D8FF29 /* ReportCategoryTest.m */,
				D4BDA3A417F5227E00D8FF29 /* ReportDateTypeTest.m */,
				D498BF5C17C3BF88007B2B2C /* ReportFilenamePatternTest.m */,
				D4EDA1D715DB1D950084B460 /* UnitTests-Info.plist */,
				D4EDA1DE15DB1D950084B460 /* UnitTests-Prefix.pch */,
				D425F60216601D850035DF8D /* UserTest.m */,
			);
			path = UnitTests;
			sourceTree = "<group>";
		};
/* End PBXGroup section */

/* Begin PBXLegacyTarget section */
		D454923B1744A1FC00F48F19 /* Installer */ = {
			isa = PBXLegacyTarget;
			buildArgumentsString = "--makefile=${SRCROOT}/Installer/Installer.mk $(ACTION)";
			buildConfigurationList = D454923C1744A1FC00F48F19 /* Build configuration list for PBXLegacyTarget "Installer" */;
			buildPhases = (
			);
			buildToolPath = /usr/bin/make;
			buildWorkingDirectory = "${SRCROOT}/Installer";
			dependencies = (
				D45492401744A23B00F48F19 /* PBXTargetDependency */,
				D44F2C5217499D650005DD9E /* PBXTargetDependency */,
				D45492421744A23B00F48F19 /* PBXTargetDependency */,
			);
			name = Installer;
			passBuildSettingsInEnvironment = 1;
			productName = Installer;
		};
/* End PBXLegacyTarget section */

/* Begin PBXNativeTarget section */
		D44F2C2517499D0E0005DD9E /* DownloadAutoingestionPlugin */ = {
			isa = PBXNativeTarget;
			buildConfigurationList = D44F2C3C17499D0E0005DD9E /* Build configuration list for PBXNativeTarget "DownloadAutoingestionPlugin" */;
			buildPhases = (
				D44F2C2217499D0E0005DD9E /* Sources */,
				D44F2C2317499D0E0005DD9E /* Frameworks */,
				D44F2C2417499D0E0005DD9E /* Resources */,
			);
			buildRules = (
			);
			dependencies = (
			);
			name = DownloadAutoingestionPlugin;
			productName = DownloadAutoingestionPlugin;
			productReference = D44F2C2617499D0E0005DD9E /* DownloadAutoingestionPlugin.bundle */;
			productType = "com.apple.product-type.bundle";
		};
		D46A500E157436120092B175 /* Autoindigestion */ = {
			isa = PBXNativeTarget;
			buildConfigurationList = D46A501E157436120092B175 /* Build configuration list for PBXNativeTarget "Autoindigestion" */;
			buildPhases = (
				D46A500B157436120092B175 /* Sources */,
				D46A500C157436120092B175 /* Frameworks */,
				D46A500D157436120092B175 /* CopyFiles */,
			);
			buildRules = (
				D407937315A7FFC90018FBBA /* PBXBuildRule */,
			);
			dependencies = (
			);
			name = Autoindigestion;
			productName = Autoindigestion;
			productReference = D46A500F157436120092B175 /* Autoindigestion */;
			productType = "com.apple.product-type.tool";
		};
		D4EDA1D115DB1D950084B460 /* UnitTests */ = {
			isa = PBXNativeTarget;
			buildConfigurationList = D4EDA1E115DB1D950084B460 /* Build configuration list for PBXNativeTarget "UnitTests" */;
			buildPhases = (
				D4EDA1CD15DB1D950084B460 /* Sources */,
				D4EDA1CE15DB1D950084B460 /* Frameworks */,
				D4EDA1CF15DB1D950084B460 /* Resources */,
				D4EDA1D015DB1D950084B460 /* ShellScript */,
			);
			buildRules = (
			);
			dependencies = (
			);
			name = UnitTests;
			productName = UnitTests;
			productReference = D4EDA1D215DB1D950084B460 /* UnitTests.octest */;
			productType = "com.apple.product-type.bundle";
		};
/* End PBXNativeTarget section */

/* Begin PBXProject section */
		D46A5006157436120092B175 /* Project object */ = {
			isa = PBXProject;
			attributes = {
				LastUpgradeCheck = 0500;
				ORGANIZATIONNAME = "Able Pear Software";
			};
			buildConfigurationList = D46A5009157436120092B175 /* Build configuration list for PBXProject "Autoindigestion" */;
			compatibilityVersion = "Xcode 3.2";
			developmentRegion = English;
			hasScannedForEncodings = 0;
			knownRegions = (
				en,
			);
			mainGroup = D46A5004157436120092B175;
			productRefGroup = D46A5010157436120092B175 /* Products */;
			projectDirPath = "";
			projectRoot = "";
			targets = (
				D46A500E157436120092B175 /* Autoindigestion */,
				D44F2C2517499D0E0005DD9E /* DownloadAutoingestionPlugin */,
				D454923B1744A1FC00F48F19 /* Installer */,
				D4EDA1D115DB1D950084B460 /* UnitTests */,
			);
		};
/* End PBXProject section */

/* Begin PBXResourcesBuildPhase section */
		D44F2C2417499D0E0005DD9E /* Resources */ = {
			isa = PBXResourcesBuildPhase;
			buildActionMask = 2147483647;
			files = (
				D44F2C4D17499D4A0005DD9E /* DownloadAutoingestionPlugin.xib in Resources */,
				D44F2C4E17499D4A0005DD9E /* InfoPlist.strings in Resources */,
				D44F2C4F17499D4A0005DD9E /* Localizable.strings in Resources */,
			);
			runOnlyForDeploymentPostprocessing = 0;
		};
		D4EDA1CF15DB1D950084B460 /* Resources */ = {
			isa = PBXResourcesBuildPhase;
			buildActionMask = 2147483647;
			files = (
			);
			runOnlyForDeploymentPostprocessing = 0;
		};
/* End PBXResourcesBuildPhase section */

/* Begin PBXShellScriptBuildPhase section */
		D4EDA1D015DB1D950084B460 /* ShellScript */ = {
			isa = PBXShellScriptBuildPhase;
			buildActionMask = 2147483647;
			files = (
			);
			inputPaths = (
			);
			outputPaths = (
			);
			runOnlyForDeploymentPostprocessing = 0;
			shellPath = /bin/sh;
			shellScript = "# Run the unit tests in this test bundle.\n\"${SYSTEM_DEVELOPER_DIR}/Tools/RunUnitTests\"\n";
		};
/* End PBXShellScriptBuildPhase section */

/* Begin PBXSourcesBuildPhase section */
		D44F2C2217499D0E0005DD9E /* Sources */ = {
			isa = PBXSourcesBuildPhase;
			buildActionMask = 2147483647;
			files = (
				D44F2C4C17499D4A0005DD9E /* DownloadAutoingestionPluginPane.m in Sources */,
				D44F2C5C1749BBB80005DD9E /* AutoingestionTool.m in Sources */,
				D444DF71174B2CAB00F47BC2 /* ZipDocument.m in Sources */,
				D444DF72174B2CAB00F47BC2 /* ZipEntry.m in Sources */,
				D4197D6D174D5883009FAE8E /* NSData+ZipBrowser.m in Sources */,
			);
			runOnlyForDeploymentPostprocessing = 0;
		};
		D46A500B157436120092B175 /* Sources */ = {
			isa = PBXSourcesBuildPhase;
			buildActionMask = 2147483647;
			files = (
				D4A7718C15A380E400CEC757 /* Autoingestion.m in Sources */,
				D4A7718D15A380E400CEC757 /* AutoingestionJob.m in Sources */,
				D4A7718E15A380E400CEC757 /* ConfigurationFile.m in Sources */,
				D4A7718F15A380E400CEC757 /* Defaults.m in Sources */,
				D4A7719015A380E400CEC757 /* NSCalendar+Autoindigestion.m in Sources */,
				D4A7719115A380E400CEC757 /* NSDate+Autoindigestion.m in Sources */,
				D4A7719215A380E400CEC757 /* NSError+Autoindigestion.m in Sources */,
				D4A7719315A380E400CEC757 /* NSObject+Autoindigestion.m in Sources */,
				D4A7719415A380E400CEC757 /* NSString+Autoindigestion.m in Sources */,
				D4A7719515A380E400CEC757 /* Group.m in Sources */,
				D4A7719615A380E400CEC757 /* main.m in Sources */,
				D4A7719715A380E400CEC757 /* Options.m in Sources */,
				D4A7719815A380E400CEC757 /* ReportCategory.m in Sources */,
				D4A7719915A380E400CEC757 /* StandardMonitor.m in Sources */,
				D4A7719A15A380E400CEC757 /* Tool.m in Sources */,
				D4A7719B15A380E400CEC757 /* User.m in Sources */,
				D4A7719C15A380E400CEC757 /* Vendor.m in Sources */,
				D4A7719D15A380E400CEC757 /* VendorFile.m in Sources */,
				D407937615A800CB0018FBBA /* Autoindigestion.1 in Sources */,
				D407937715A800CE0018FBBA /* Autoindigestion.5 in Sources */,
				D4EDA1E515DB1FD00084B460 /* AutoingestionResponse.m in Sources */,
				D498BF5217C26D6F007B2B2C /* NSArray+Autoindigestion.m in Sources */,
				D498BF5917C3BF6A007B2B2C /* ReportFilenamePattern.m in Sources */,
				B0F477AEC7C8B3CFA7338A70 /* ReportDateType.m in Sources */,
			);
			runOnlyForDeploymentPostprocessing = 0;
		};
		D4EDA1CD15DB1D950084B460 /* Sources */ = {
			isa = PBXSourcesBuildPhase;
			buildActionMask = 2147483647;
			files = (
				D4EDA1DD15DB1D950084B460 /* AutoingestionResponseTest.m in Sources */,
				D4EDA1E615DB1FD00084B460 /* AutoingestionResponse.m in Sources */,
				D4EDA1E715DB26ED0084B460 /* NSString+Autoindigestion.m in Sources */,
				D425F5FD165DEFB00035DF8D /* GroupTest.m in Sources */,
				D425F5FF165DF1670035DF8D /* Group.m in Sources */,
				D425F600165DF17A0035DF8D /* User.m in Sources */,
				D425F60316601D850035DF8D /* UserTest.m in Sources */,
				D499B7D217BDC11200665486 /* NSCalendar+AutoindigestionTest.m in Sources */,
				D4BDA3A517F5227E00D8FF29 /* ReportDateTypeTest.m in Sources */,
				D499B7D317BFEC5000665486 /* NSCalendar+Autoindigestion.m in Sources */,
				D4BDA3A317F5221000D8FF29 /* NSDate+Autoindigestion.m in Sources */,
				D4BDA39B17F3D06700D8FF29 /* ReportCategoryTest.m in Sources */,
				D498BF5317C26D6F007B2B2C /* NSArray+Autoindigestion.m in Sources */,
				D498BF5617C26DDE007B2B2C /* NSArray+AutoindigestionTest.m in Sources */,
				D498BF5A17C3BF6A007B2B2C /* ReportFilenamePattern.m in Sources */,
				D498BF5D17C3BF88007B2B2C /* ReportFilenamePatternTest.m in Sources */,
				D498BF5E17C3C3D0007B2B2C /* ReportCategory.m in Sources */,
				D498BF5F17C3C3DF007B2B2C /* AutoingestionJob.m in Sources */,
				B0F470D7C7813B89CFA38C60 /* ReportDateType.m in Sources */,
			);
			runOnlyForDeploymentPostprocessing = 0;
		};
/* End PBXSourcesBuildPhase section */

/* Begin PBXTargetDependency section */
		D44F2C5217499D650005DD9E /* PBXTargetDependency */ = {
			isa = PBXTargetDependency;
			target = D44F2C2517499D0E0005DD9E /* DownloadAutoingestionPlugin */;
			targetProxy = D44F2C5117499D650005DD9E /* PBXContainerItemProxy */;
		};
		D45492401744A23B00F48F19 /* PBXTargetDependency */ = {
			isa = PBXTargetDependency;
			target = D46A500E157436120092B175 /* Autoindigestion */;
			targetProxy = D454923F1744A23B00F48F19 /* PBXContainerItemProxy */;
		};
		D45492421744A23B00F48F19 /* PBXTargetDependency */ = {
			isa = PBXTargetDependency;
			target = D4EDA1D115DB1D950084B460 /* UnitTests */;
			targetProxy = D45492411744A23B00F48F19 /* PBXContainerItemProxy */;
		};
/* End PBXTargetDependency section */

/* Begin PBXVariantGroup section */
		D44F2C4417499D4A0005DD9E /* DownloadAutoingestionPlugin.xib */ = {
			isa = PBXVariantGroup;
			children = (
				D44F2C4517499D4A0005DD9E /* en */,
			);
			name = DownloadAutoingestionPlugin.xib;
			sourceTree = "<group>";
		};
		D44F2C4617499D4A0005DD9E /* InfoPlist.strings */ = {
			isa = PBXVariantGroup;
			children = (
				D44F2C4717499D4A0005DD9E /* en */,
			);
			name = InfoPlist.strings;
			sourceTree = "<group>";
		};
		D44F2C4817499D4A0005DD9E /* Localizable.strings */ = {
			isa = PBXVariantGroup;
			children = (
				D44F2C4917499D4A0005DD9E /* en */,
			);
			name = Localizable.strings;
			sourceTree = "<group>";
		};
/* End PBXVariantGroup section */

/* Begin XCBuildConfiguration section */
		D44F2C3D17499D0E0005DD9E /* Debug */ = {
			isa = XCBuildConfiguration;
			buildSettings = {
				CLANG_CXX_LANGUAGE_STANDARD = "gnu++0x";
				CLANG_CXX_LIBRARY = "libc++";
				CLANG_WARN_EMPTY_BODY = YES;
				COMBINE_HIDPI_IMAGES = YES;
				FRAMEWORK_SEARCH_PATHS = (
					"$(inherited)",
					"\"$(SYSTEM_APPS_DIR)/Xcode.app/Contents/Developer/Library/Frameworks\"",
				);
				GCC_PRECOMPILE_PREFIX_HEADER = YES;
				GCC_PREFIX_HEADER = Installer/DownloadAutoingestionPlugin/Prefix.pch;
				INFOPLIST_FILE = Installer/DownloadAutoingestionPlugin/Info.plist;
				INSTALL_PATH = "$(HOME)/Library/Bundles";
				MACOSX_DEPLOYMENT_TARGET = 10.7;
				PRODUCT_NAME = "$(TARGET_NAME)";
				WRAPPER_EXTENSION = bundle;
			};
			name = Debug;
		};
		D44F2C3E17499D0E0005DD9E /* Release */ = {
			isa = XCBuildConfiguration;
			buildSettings = {
				CLANG_CXX_LANGUAGE_STANDARD = "gnu++0x";
				CLANG_CXX_LIBRARY = "libc++";
				CLANG_WARN_EMPTY_BODY = YES;
				COMBINE_HIDPI_IMAGES = YES;
				FRAMEWORK_SEARCH_PATHS = (
					"$(inherited)",
					"\"$(SYSTEM_APPS_DIR)/Xcode.app/Contents/Developer/Library/Frameworks\"",
				);
				GCC_PRECOMPILE_PREFIX_HEADER = YES;
				GCC_PREFIX_HEADER = Installer/DownloadAutoingestionPlugin/Prefix.pch;
				INFOPLIST_FILE = Installer/DownloadAutoingestionPlugin/Info.plist;
				INSTALL_PATH = "$(HOME)/Library/Bundles";
				MACOSX_DEPLOYMENT_TARGET = 10.7;
				PRODUCT_NAME = "$(TARGET_NAME)";
				WRAPPER_EXTENSION = bundle;
			};
			name = Release;
		};
		D454923D1744A1FC00F48F19 /* Debug */ = {
			isa = XCBuildConfiguration;
			buildSettings = {
				CLANG_CXX_LANGUAGE_STANDARD = "gnu++0x";
				CLANG_CXX_LIBRARY = "libc++";
				CLANG_WARN_EMPTY_BODY = YES;
				DEBUGGING_SYMBOLS = YES;
				GCC_GENERATE_DEBUGGING_SYMBOLS = YES;
				GCC_OPTIMIZATION_LEVEL = 0;
				MACOSX_DEPLOYMENT_TARGET = 10.8;
				OTHER_CFLAGS = "";
				OTHER_LDFLAGS = "";
				PRODUCT_NAME = Autoindigestion.pkg;
			};
			name = Debug;
		};
		D454923E1744A1FC00F48F19 /* Release */ = {
			isa = XCBuildConfiguration;
			buildSettings = {
				CLANG_CXX_LANGUAGE_STANDARD = "gnu++0x";
				CLANG_CXX_LIBRARY = "libc++";
				CLANG_WARN_EMPTY_BODY = YES;
				MACOSX_DEPLOYMENT_TARGET = 10.8;
				OTHER_CFLAGS = "";
				OTHER_LDFLAGS = "";
				PRODUCT_NAME = Autoindigestion.pkg;
			};
			name = Release;
		};
		D46A501C157436120092B175 /* Debug */ = {
			isa = XCBuildConfiguration;
			buildSettings = {
				ALWAYS_SEARCH_USER_PATHS = NO;
				CLANG_ENABLE_OBJC_ARC = YES;
				CLANG_WARN_BOOL_CONVERSION = YES;
				CLANG_WARN_CONSTANT_CONVERSION = YES;
				CLANG_WARN_EMPTY_BODY = YES;
				CLANG_WARN_ENUM_CONVERSION = YES;
				CLANG_WARN_INT_CONVERSION = YES;
				CLANG_WARN__DUPLICATE_METHOD_MATCH = YES;
				COPY_PHASE_STRIP = NO;
				GCC_C_LANGUAGE_STANDARD = gnu99;
				GCC_DYNAMIC_NO_PIC = NO;
				GCC_ENABLE_OBJC_EXCEPTIONS = YES;
				GCC_OPTIMIZATION_LEVEL = 0;
				GCC_PREPROCESSOR_DEFINITIONS = (
					"DEBUG=1",
					"$(inherited)",
				);
				GCC_SYMBOLS_PRIVATE_EXTERN = NO;
				GCC_VERSION = com.apple.compilers.llvm.clang.1_0;
				GCC_WARN_64_TO_32_BIT_CONVERSION = YES;
				GCC_WARN_ABOUT_RETURN_TYPE = YES;
				GCC_WARN_UNDECLARED_SELECTOR = YES;
				GCC_WARN_UNINITIALIZED_AUTOS = YES;
				GCC_WARN_UNUSED_FUNCTION = YES;
				GCC_WARN_UNUSED_VARIABLE = YES;
				MACOSX_DEPLOYMENT_TARGET = 10.7;
				ONLY_ACTIVE_ARCH = YES;
				SDKROOT = macosx;
			};
			name = Debug;
		};
		D46A501D157436120092B175 /* Release */ = {
			isa = XCBuildConfiguration;
			buildSettings = {
				ALWAYS_SEARCH_USER_PATHS = NO;
				CLANG_ENABLE_OBJC_ARC = YES;
				CLANG_WARN_BOOL_CONVERSION = YES;
				CLANG_WARN_CONSTANT_CONVERSION = YES;
				CLANG_WARN_EMPTY_BODY = YES;
				CLANG_WARN_ENUM_CONVERSION = YES;
				CLANG_WARN_INT_CONVERSION = YES;
				CLANG_WARN__DUPLICATE_METHOD_MATCH = YES;
				COPY_PHASE_STRIP = YES;
				DEBUG_INFORMATION_FORMAT = "dwarf-with-dsym";
				GCC_C_LANGUAGE_STANDARD = gnu99;
				GCC_ENABLE_OBJC_EXCEPTIONS = YES;
				GCC_VERSION = com.apple.compilers.llvm.clang.1_0;
				GCC_WARN_64_TO_32_BIT_CONVERSION = YES;
				GCC_WARN_ABOUT_RETURN_TYPE = YES;
				GCC_WARN_UNDECLARED_SELECTOR = YES;
				GCC_WARN_UNINITIALIZED_AUTOS = YES;
				GCC_WARN_UNUSED_FUNCTION = YES;
				GCC_WARN_UNUSED_VARIABLE = YES;
				MACOSX_DEPLOYMENT_TARGET = 10.7;
				SDKROOT = macosx;
			};
			name = Release;
		};
		D46A501F157436120092B175 /* Debug */ = {
			isa = XCBuildConfiguration;
			buildSettings = {
				GCC_PRECOMPILE_PREFIX_HEADER = YES;
				GCC_PREFIX_HEADER = "Source/Autoindigestion-Prefix.pch";
				OTHER_LDFLAGS = "";
				PRODUCT_NAME = "$(TARGET_NAME)";
				WARNING_CFLAGS = (
					"-Werror",
					"-Wall",
					"-Wextra",
					"-Wno-direct-ivar-access",
					"-Wno-objc-missing-property-synthesis",
					"-Wno-semicolon-before-method-body",
					"-Wno-unused-parameter",
				);
			};
			name = Debug;
		};
		D46A5020157436120092B175 /* Release */ = {
			isa = XCBuildConfiguration;
			buildSettings = {
				GCC_PRECOMPILE_PREFIX_HEADER = YES;
				GCC_PREFIX_HEADER = "Source/Autoindigestion-Prefix.pch";
				OTHER_LDFLAGS = "";
				PRODUCT_NAME = "$(TARGET_NAME)";
				WARNING_CFLAGS = (
					"-Werror",
					"-Wall",
					"-Wextra",
					"-Wno-direct-ivar-access",
					"-Wno-objc-missing-property-synthesis",
					"-Wno-semicolon-before-method-body",
					"-Wno-unused-parameter",
				);
			};
			name = Release;
		};
		D4EDA1DF15DB1D950084B460 /* Debug */ = {
			isa = XCBuildConfiguration;
			buildSettings = {
				CLANG_CXX_LANGUAGE_STANDARD = "gnu++0x";
				CLANG_WARN__DUPLICATE_METHOD_MATCH = YES;
				COMBINE_HIDPI_IMAGES = YES;
				FRAMEWORK_SEARCH_PATHS = "\"$(DEVELOPER_LIBRARY_DIR)/Frameworks\"";
				GCC_PRECOMPILE_PREFIX_HEADER = YES;
				GCC_PREFIX_HEADER = "UnitTests/UnitTests-Prefix.pch";
				INFOPLIST_FILE = "UnitTests/UnitTests-Info.plist";
				MACOSX_DEPLOYMENT_TARGET = 10.8;
				OTHER_CFLAGS = "";
				OTHER_LDFLAGS = "-ObjC";
				PRODUCT_NAME = "$(TARGET_NAME)";
				WARNING_CFLAGS = "-Werror";
				WRAPPER_EXTENSION = octest;
			};
			name = Debug;
		};
		D4EDA1E015DB1D950084B460 /* Release */ = {
			isa = XCBuildConfiguration;
			buildSettings = {
				CLANG_CXX_LANGUAGE_STANDARD = "gnu++0x";
				CLANG_WARN__DUPLICATE_METHOD_MATCH = YES;
				COMBINE_HIDPI_IMAGES = YES;
				FRAMEWORK_SEARCH_PATHS = "\"$(DEVELOPER_LIBRARY_DIR)/Frameworks\"";
				GCC_PRECOMPILE_PREFIX_HEADER = YES;
				GCC_PREFIX_HEADER = "UnitTests/UnitTests-Prefix.pch";
				INFOPLIST_FILE = "UnitTests/UnitTests-Info.plist";
				MACOSX_DEPLOYMENT_TARGET = 10.8;
				OTHER_CFLAGS = "";
				OTHER_LDFLAGS = "-ObjC";
				PRODUCT_NAME = "$(TARGET_NAME)";
				WARNING_CFLAGS = "-Werror";
				WRAPPER_EXTENSION = octest;
			};
			name = Release;
		};
/* End XCBuildConfiguration section */

/* Begin XCConfigurationList section */
		D44F2C3C17499D0E0005DD9E /* Build configuration list for PBXNativeTarget "DownloadAutoingestionPlugin" */ = {
			isa = XCConfigurationList;
			buildConfigurations = (
				D44F2C3D17499D0E0005DD9E /* Debug */,
				D44F2C3E17499D0E0005DD9E /* Release */,
			);
			defaultConfigurationIsVisible = 0;
			defaultConfigurationName = Release;
		};
		D454923C1744A1FC00F48F19 /* Build configuration list for PBXLegacyTarget "Installer" */ = {
			isa = XCConfigurationList;
			buildConfigurations = (
				D454923D1744A1FC00F48F19 /* Debug */,
				D454923E1744A1FC00F48F19 /* Release */,
			);
			defaultConfigurationIsVisible = 0;
			defaultConfigurationName = Release;
		};
		D46A5009157436120092B175 /* Build configuration list for PBXProject "Autoindigestion" */ = {
			isa = XCConfigurationList;
			buildConfigurations = (
				D46A501C157436120092B175 /* Debug */,
				D46A501D157436120092B175 /* Release */,
			);
			defaultConfigurationIsVisible = 0;
			defaultConfigurationName = Release;
		};
		D46A501E157436120092B175 /* Build configuration list for PBXNativeTarget "Autoindigestion" */ = {
			isa = XCConfigurationList;
			buildConfigurations = (
				D46A501F157436120092B175 /* Debug */,
				D46A5020157436120092B175 /* Release */,
			);
			defaultConfigurationIsVisible = 0;
			defaultConfigurationName = Release;
		};
		D4EDA1E115DB1D950084B460 /* Build configuration list for PBXNativeTarget "UnitTests" */ = {
			isa = XCConfigurationList;
			buildConfigurations = (
				D4EDA1DF15DB1D950084B460 /* Debug */,
				D4EDA1E015DB1D950084B460 /* Release */,
			);
			defaultConfigurationIsVisible = 0;
			defaultConfigurationName = Release;
		};
/* End XCConfigurationList section */
	};
	rootObject = D46A5006157436120092B175 /* Project object */;
}
